{
    "_meta": {
        "hash": {
            "sha256": "c744e9faf5ff4b63dcad3dc3a4c20ea731d42f7d466d06441cfc8382e6b90896"
        },
        "host-environment-markers": {
            "implementation_name": "cpython",
            "implementation_version": "3.7.0",
            "os_name": "posix",
            "platform_machine": "x86_64",
            "platform_python_implementation": "CPython",
            "platform_release": "17.5.0",
            "platform_system": "Darwin",
            "platform_version": "Darwin Kernel Version 17.5.0: Mon Mar  5 22:24:32 PST 2018; root:xnu-4570.51.1~1/RELEASE_X86_64",
            "python_full_version": "3.7.0",
            "python_version": "3.7",
            "sys_platform": "darwin"
        },
        "pipfile-spec": 6,
        "requires": {
            "python_version": "3.7"
        },
        "sources": [
            {
                "name": "pypi",
                "url": "https://pypi.org/simple",
                "verify_ssl": true
            }
        ]
    },
    "default": {
        "aiofiles": {
            "hashes": [],
            "version": "==0.4.0"
        },
        "aniso8601": {
            "hashes": [],
            "version": "==3.0.2"
        },
        "certifi": {
            "hashes": [],
            "version": "==2018.8.24"
        },
        "chardet": {
            "hashes": [],
            "version": "==3.0.4"
        },
        "click": {
            "hashes": [],
            "version": "==7.0"
        },
        "graphene": {
            "hashes": [],
            "version": "==2.1.3"
        },
        "graphql-core": {
            "hashes": [],
            "version": "==2.1"
        },
        "graphql-relay": {
            "hashes": [],
            "version": "==0.4.5"
        },
        "graphql-server-core": {
            "hashes": [],
            "version": "==1.1.1"
        },
        "h11": {
            "hashes": [],
            "version": "==0.8.1"
        },
        "httptools": {
            "hashes": [],
            "version": "==0.0.11"
        },
        "idna": {
            "hashes": [],
            "version": "==2.7"
        },
        "jinja2": {
            "hashes": [],
            "version": "==2.10"
        },
        "markupsafe": {
            "hashes": [],
            "version": "==1.0"
        },
        "parse": {
            "hashes": [],
            "version": "==1.9.0"
        },
        "promise": {
            "hashes": [],
            "version": "==2.2.1"
        },
        "pyyaml": {
            "hashes": [],
            "version": "==4.2b4"
        },
        "requests": {
            "hashes": [],
            "version": "==2.19.1"
        },
        "responder": {
            "editable": true,
            "path": "."
        },
        "rx": {
            "hashes": [],
            "version": "==1.6.1"
        },
        "six": {
            "hashes": [],
            "version": "==1.11.0"
        },
        "starlette": {
            "hashes": [],
            "version": "==0.4.0"
        },
        "typing": {
            "hashes": [],
            "markers": "python_version < '3.5'",
            "version": "==3.6.6"
        },
        "urllib3": {
            "hashes": [],
            "version": "==1.23"
        },
        "uvicorn": {
            "hashes": [],
            "version": "==0.3.12"
        },
        "uvloop": {
            "hashes": [],
            "version": "==0.11.2"
        },
        "websockets": {
            "hashes": [],
            "version": "==6.0"
        }
    },
    "develop": {
        "alabaster": {
            "hashes": [],
            "version": "==0.7.12"
        },
        "appdirs": {
            "hashes": [],
            "version": "==1.4.3"
        },
        "atomicwrites": {
            "hashes": [],
            "version": "==1.2.1"
        },
        "attrs": {
            "hashes": [],
            "version": "==18.2.0"
        },
        "babel": {
            "hashes": [],
            "version": "==2.6.0"
        },
        "black": {
            "hashes": [],
            "version": "==18.9b0"
        },
        "bleach": {
            "hashes": [],
            "version": "==3.0.2"
        },
        "certifi": {
            "hashes": [],
            "version": "==2018.8.24"
        },
        "cffi": {
            "hashes": [],
            "version": "==1.11.5"
        },
        "chardet": {
            "hashes": [],
            "version": "==3.0.4"
        },
        "click": {
            "hashes": [],
            "version": "==7.0"
        },
        "cmarkgfm": {
            "hashes": [],
            "version": "==0.4.2"
        },
        "configparser": {
            "hashes": [],
            "markers": "python_version < '3.2'",
            "version": "==3.5.0"
        },
        "docutils": {
            "hashes": [],
            "version": "==0.14"
        },
        "enum34": {
            "hashes": [],
            "markers": "python_version < '3.4'",
            "version": "==1.1.6"
        },
        "flake8": {
            "hashes": [],
            "version": "==3.5.0"
        },
        "flask": {
            "hashes": [],
            "version": "==1.0.2"
        },
        "funcsigs": {
            "hashes": [],
            "markers": "python_version < '3.0'",
            "version": "==1.0.2"
        },
        "future": {
            "hashes": [],
            "version": "==0.16.0"
        },
        "idna": {
            "hashes": [],
            "version": "==2.7"
        },
        "imagesize": {
            "hashes": [],
            "version": "==1.1.0"
        },
        "itsdangerous": {
            "hashes": [],
            "version": "==0.24"
        },
        "jinja2": {
            "hashes": [],
            "version": "==2.10"
        },
        "markupsafe": {
            "hashes": [],
            "version": "==1.0"
        },
        "mccabe": {
            "hashes": [],
            "version": "==0.6.1"
        },
        "more-itertools": {
            "hashes": [],
            "version": "==4.3.0"
        },
        "packaging": {
            "hashes": [],
            "version": "==18.0"
        },
        "pathlib2": {
            "hashes": [],
            "markers": "python_version < '3.6'",
            "version": "==2.3.2"
        },
        "pkginfo": {
            "hashes": [],
            "version": "==1.4.2"
        },
        "pluggy": {
            "hashes": [],
            "version": "==0.7.1"
        },
        "py": {
            "hashes": [],
            "version": "==1.7.0"
        },
        "pycodestyle": {
            "hashes": [],
            "version": "==2.3.1"
        },
        "pycparser": {
            "hashes": [],
            "version": "==2.19"
        },
        "pyflakes": {
            "hashes": [],
            "version": "==1.6.0"
        },
        "pygments": {
            "hashes": [],
            "version": "==2.2.0"
        },
        "pyparsing": {
            "hashes": [],
            "version": "==2.2.2"
        },
        "pytest": {
            "hashes": [],
            "version": "==3.8.2"
        },
        "pytz": {
            "hashes": [],
            "version": "==2018.5"
        },
        "readme-renderer": {
            "hashes": [],
            "version": "==22.0"
        },
        "requests": {
            "hashes": [],
            "version": "==2.19.1"
        },
        "requests-toolbelt": {
            "hashes": [],
            "version": "==0.8.0"
        },
        "scandir": {
            "hashes": [],
            "markers": "python_version < '3.5'",
            "version": "==1.9.0"
        },
        "six": {
            "hashes": [],
            "version": "==1.11.0"
        },
        "snowballstemmer": {
            "hashes": [],
            "version": "==1.2.1"
        },
        "sphinx": {
            "hashes": [],
            "version": "==1.8.1"
        },
        "sphinxcontrib-websupport": {
            "hashes": [],
            "version": "==1.1.0"
        },
        "toml": {
            "hashes": [],
            "version": "==0.10.0"
        },
        "tqdm": {
            "hashes": [],
            "version": "==4.26.0"
        },
        "twine": {
            "hashes": [],
            "version": "==1.12.1"
        },
        "typing": {
            "hashes": [],
            "markers": "python_version < '3.5'",
            "version": "==3.6.6"
        },
        "urllib3": {
            "hashes": [],
            "version": "==1.23"
        },
        "webencodings": {
            "hashes": [],
            "version": "==0.5.1"
        },
        "werkzeug": {
            "hashes": [],
            "version": "==0.14.1"
        }
    }
}
